
Microsoft Visual Studio Solution File, Format Version 9.00
# Visual Studio 2005
Project("{8BC9CEB8-8B4A-11D0-8D11-00A0C91BC942}") = "ms3d_exe", "project\ms3d\ms3d_exe.vcproj", "{7087D90C-4A5B-4B77-8D61-0E74A1808A0F}"
	ProjectSection(ProjectDependencies) = postProject
		{A6D2FD56-67A8-40A7-90D9-D7E4BCF94F2B} = {A6D2FD56-67A8-40A7-90D9-D7E4BCF94F2B}
	EndProjectSection
EndProject
Project("{8BC9CEB8-8B4A-11D0-8D11-00A0C91BC942}") = "ms3d_mll", "project\ms3d\ms3d_mll.vcproj", "{9C1F65D7-6C73-4C38-B903-903410218B82}"
	ProjectSection(ProjectDependencies) = postProject
		{A6D2FD56-67A8-40A7-90D9-D7E4BCF94F2B} = {A6D2FD56-67A8-40A7-90D9-D7E4BCF94F2B}
	EndProjectSection
EndProject
Project("{8BC9CEB8-8B4A-11D0-8D11-00A0C91BC942}") = "_3ds_mll", "project\_3ds\_3ds_mll.vcproj", "{FC74EDBA-CFE3-4CB2-908C-8FA1E5084AAA}"
EndProject
Project("{8BC9CEB8-8B4A-11D0-8D11-00A0C91BC942}") = "gpExporter", "project\gpExporter_lib\gpExport.vcproj", "{A6D2FD56-67A8-40A7-90D9-D7E4BCF94F2B}"
EndProject
Global
	GlobalSection(SolutionConfigurationPlatforms) = preSolution
		Debug_Maya2008|Win32 = Debug_Maya2008|Win32
		Debug_Maya2008|x64 = Debug_Maya2008|x64
		Debug_Maya2009|Win32 = Debug_Maya2009|Win32
		Debug_Maya2009|x64 = Debug_Maya2009|x64
		Debug|Win32 = Debug|Win32
		Debug|x64 = Debug|x64
		Release_Maya2008|Win32 = Release_Maya2008|Win32
		Release_Maya2008|x64 = Release_Maya2008|x64
		Release_Maya2009|Win32 = Release_Maya2009|Win32
		Release_Maya2009|x64 = Release_Maya2009|x64
		Release|Win32 = Release|Win32
		Release|x64 = Release|x64
	EndGlobalSection
	GlobalSection(ProjectConfigurationPlatforms) = postSolution
		{7087D90C-4A5B-4B77-8D61-0E74A1808A0F}.Debug_Maya2008|Win32.ActiveCfg = Debug|Win32
		{7087D90C-4A5B-4B77-8D61-0E74A1808A0F}.Debug_Maya2008|Win32.Build.0 = Debug|Win32
		{7087D90C-4A5B-4B77-8D61-0E74A1808A0F}.Debug_Maya2008|x64.ActiveCfg = Debug|x64
		{7087D90C-4A5B-4B77-8D61-0E74A1808A0F}.Debug_Maya2008|x64.Build.0 = Debug|x64
		{7087D90C-4A5B-4B77-8D61-0E74A1808A0F}.Debug_Maya2009|Win32.ActiveCfg = Debug_Maya2009|Win32
		{7087D90C-4A5B-4B77-8D61-0E74A1808A0F}.Debug_Maya2009|Win32.Build.0 = Debug_Maya2009|Win32
		{7087D90C-4A5B-4B77-8D61-0E74A1808A0F}.Debug_Maya2009|x64.ActiveCfg = Debug_Maya2009|x64
		{7087D90C-4A5B-4B77-8D61-0E74A1808A0F}.Debug_Maya2009|x64.Build.0 = Debug_Maya2009|x64
		{7087D90C-4A5B-4B77-8D61-0E74A1808A0F}.Debug|Win32.ActiveCfg = Debug|Win32
		{7087D90C-4A5B-4B77-8D61-0E74A1808A0F}.Debug|Win32.Build.0 = Debug|Win32
		{7087D90C-4A5B-4B77-8D61-0E74A1808A0F}.Debug|x64.ActiveCfg = Debug|x64
		{7087D90C-4A5B-4B77-8D61-0E74A1808A0F}.Debug|x64.Build.0 = Debug|x64
		{7087D90C-4A5B-4B77-8D61-0E74A1808A0F}.Release_Maya2008|Win32.ActiveCfg = Release|Win32
		{7087D90C-4A5B-4B77-8D61-0E74A1808A0F}.Release_Maya2008|Win32.Build.0 = Release|Win32
		{7087D90C-4A5B-4B77-8D61-0E74A1808A0F}.Release_Maya2008|x64.ActiveCfg = Release|x64
		{7087D90C-4A5B-4B77-8D61-0E74A1808A0F}.Release_Maya2008|x64.Build.0 = Release|x64
		{7087D90C-4A5B-4B77-8D61-0E74A1808A0F}.Release_Maya2009|Win32.ActiveCfg = Release_Maya2009|Win32
		{7087D90C-4A5B-4B77-8D61-0E74A1808A0F}.Release_Maya2009|Win32.Build.0 = Release_Maya2009|Win32
		{7087D90C-4A5B-4B77-8D61-0E74A1808A0F}.Release_Maya2009|x64.ActiveCfg = Release_Maya2009|x64
		{7087D90C-4A5B-4B77-8D61-0E74A1808A0F}.Release_Maya2009|x64.Build.0 = Release_Maya2009|x64
		{7087D90C-4A5B-4B77-8D61-0E74A1808A0F}.Release|Win32.ActiveCfg = Release|Win32
		{7087D90C-4A5B-4B77-8D61-0E74A1808A0F}.Release|Win32.Build.0 = Release|Win32
		{7087D90C-4A5B-4B77-8D61-0E74A1808A0F}.Release|x64.ActiveCfg = Release|x64
		{7087D90C-4A5B-4B77-8D61-0E74A1808A0F}.Release|x64.Build.0 = Release|x64
		{9C1F65D7-6C73-4C38-B903-903410218B82}.Debug_Maya2008|Win32.ActiveCfg = Debug|Win32
		{9C1F65D7-6C73-4C38-B903-903410218B82}.Debug_Maya2008|Win32.Build.0 = Debug|Win32
		{9C1F65D7-6C73-4C38-B903-903410218B82}.Debug_Maya2008|x64.ActiveCfg = Debug|x64
		{9C1F65D7-6C73-4C38-B903-903410218B82}.Debug_Maya2008|x64.Build.0 = Debug|x64
		{9C1F65D7-6C73-4C38-B903-903410218B82}.Debug_Maya2009|Win32.ActiveCfg = Debug_Maya2009|Win32
		{9C1F65D7-6C73-4C38-B903-903410218B82}.Debug_Maya2009|Win32.Build.0 = Debug_Maya2009|Win32
		{9C1F65D7-6C73-4C38-B903-903410218B82}.Debug_Maya2009|x64.ActiveCfg = Debug_Maya2009|x64
		{9C1F65D7-6C73-4C38-B903-903410218B82}.Debug_Maya2009|x64.Build.0 = Debug_Maya2009|x64
		{9C1F65D7-6C73-4C38-B903-903410218B82}.Debug|Win32.ActiveCfg = Debug|Win32
		{9C1F65D7-6C73-4C38-B903-903410218B82}.Debug|Win32.Build.0 = Debug|Win32
		{9C1F65D7-6C73-4C38-B903-903410218B82}.Debug|x64.ActiveCfg = Debug|x64
		{9C1F65D7-6C73-4C38-B903-903410218B82}.Debug|x64.Build.0 = Debug|x64
		{9C1F65D7-6C73-4C38-B903-903410218B82}.Release_Maya2008|Win32.ActiveCfg = Release|Win32
		{9C1F65D7-6C73-4C38-B903-903410218B82}.Release_Maya2008|Win32.Build.0 = Release|Win32
		{9C1F65D7-6C73-4C38-B903-903410218B82}.Release_Maya2008|x64.ActiveCfg = Release|x64
		{9C1F65D7-6C73-4C38-B903-903410218B82}.Release_Maya2008|x64.Build.0 = Release|x64
		{9C1F65D7-6C73-4C38-B903-903410218B82}.Release_Maya2009|Win32.ActiveCfg = Release_Maya2009|Win32
		{9C1F65D7-6C73-4C38-B903-903410218B82}.Release_Maya2009|Win32.Build.0 = Release_Maya2009|Win32
		{9C1F65D7-6C73-4C38-B903-903410218B82}.Release_Maya2009|x64.ActiveCfg = Release_Maya2009|x64
		{9C1F65D7-6C73-4C38-B903-903410218B82}.Release_Maya2009|x64.Build.0 = Release_Maya2009|x64
		{9C1F65D7-6C73-4C38-B903-903410218B82}.Release|Win32.ActiveCfg = Release|Win32
		{9C1F65D7-6C73-4C38-B903-903410218B82}.Release|Win32.Build.0 = Release|Win32
		{9C1F65D7-6C73-4C38-B903-903410218B82}.Release|x64.ActiveCfg = Release|x64
		{9C1F65D7-6C73-4C38-B903-903410218B82}.Release|x64.Build.0 = Release|x64
		{FC74EDBA-CFE3-4CB2-908C-8FA1E5084AAA}.Debug_Maya2008|Win32.ActiveCfg = Debug|Win32
		{FC74EDBA-CFE3-4CB2-908C-8FA1E5084AAA}.Debug_Maya2008|Win32.Build.0 = Debug|Win32
		{FC74EDBA-CFE3-4CB2-908C-8FA1E5084AAA}.Debug_Maya2008|x64.ActiveCfg = Debug|x64
		{FC74EDBA-CFE3-4CB2-908C-8FA1E5084AAA}.Debug_Maya2008|x64.Build.0 = Debug|x64
		{FC74EDBA-CFE3-4CB2-908C-8FA1E5084AAA}.Debug_Maya2009|Win32.ActiveCfg = Debug_Maya2009|Win32
		{FC74EDBA-CFE3-4CB2-908C-8FA1E5084AAA}.Debug_Maya2009|Win32.Build.0 = Debug_Maya2009|Win32
		{FC74EDBA-CFE3-4CB2-908C-8FA1E5084AAA}.Debug_Maya2009|x64.ActiveCfg = Debug_Maya2009|x64
		{FC74EDBA-CFE3-4CB2-908C-8FA1E5084AAA}.Debug_Maya2009|x64.Build.0 = Debug_Maya2009|x64
		{FC74EDBA-CFE3-4CB2-908C-8FA1E5084AAA}.Debug|Win32.ActiveCfg = Debug|Win32
		{FC74EDBA-CFE3-4CB2-908C-8FA1E5084AAA}.Debug|Win32.Build.0 = Debug|Win32
		{FC74EDBA-CFE3-4CB2-908C-8FA1E5084AAA}.Debug|x64.ActiveCfg = Debug|x64
		{FC74EDBA-CFE3-4CB2-908C-8FA1E5084AAA}.Debug|x64.Build.0 = Debug|x64
		{FC74EDBA-CFE3-4CB2-908C-8FA1E5084AAA}.Release_Maya2008|Win32.ActiveCfg = Release|Win32
		{FC74EDBA-CFE3-4CB2-908C-8FA1E5084AAA}.Release_Maya2008|Win32.Build.0 = Release|Win32
		{FC74EDBA-CFE3-4CB2-908C-8FA1E5084AAA}.Release_Maya2008|x64.ActiveCfg = Release|x64
		{FC74EDBA-CFE3-4CB2-908C-8FA1E5084AAA}.Release_Maya2008|x64.Build.0 = Release|x64
		{FC74EDBA-CFE3-4CB2-908C-8FA1E5084AAA}.Release_Maya2009|Win32.ActiveCfg = Release_Maya2009|Win32
		{FC74EDBA-CFE3-4CB2-908C-8FA1E5084AAA}.Release_Maya2009|Win32.Build.0 = Release_Maya2009|Win32
		{FC74EDBA-CFE3-4CB2-908C-8FA1E5084AAA}.Release_Maya2009|x64.ActiveCfg = Release_Maya2009|x64
		{FC74EDBA-CFE3-4CB2-908C-8FA1E5084AAA}.Release_Maya2009|x64.Build.0 = Release_Maya2009|x64
		{FC74EDBA-CFE3-4CB2-908C-8FA1E5084AAA}.Release|Win32.ActiveCfg = Release|Win32
		{FC74EDBA-CFE3-4CB2-908C-8FA1E5084AAA}.Release|Win32.Build.0 = Release|Win32
		{FC74EDBA-CFE3-4CB2-908C-8FA1E5084AAA}.Release|x64.ActiveCfg = Release|x64
		{FC74EDBA-CFE3-4CB2-908C-8FA1E5084AAA}.Release|x64.Build.0 = Release|x64
		{A6D2FD56-67A8-40A7-90D9-D7E4BCF94F2B}.Debug_Maya2008|Win32.ActiveCfg = Debug_Maya2009|x64
		{A6D2FD56-67A8-40A7-90D9-D7E4BCF94F2B}.Debug_Maya2008|x64.ActiveCfg = Debug_Maya2009|x64
		{A6D2FD56-67A8-40A7-90D9-D7E4BCF94F2B}.Debug_Maya2008|x64.Build.0 = Debug_Maya2009|x64
		{A6D2FD56-67A8-40A7-90D9-D7E4BCF94F2B}.Debug_Maya2009|Win32.ActiveCfg = Debug_Maya2009|Win32
		{A6D2FD56-67A8-40A7-90D9-D7E4BCF94F2B}.Debug_Maya2009|Win32.Build.0 = Debug_Maya2009|Win32
		{A6D2FD56-67A8-40A7-90D9-D7E4BCF94F2B}.Debug_Maya2009|x64.ActiveCfg = Debug_Maya2009|x64
		{A6D2FD56-67A8-40A7-90D9-D7E4BCF94F2B}.Debug_Maya2009|x64.Build.0 = Debug_Maya2009|x64
		{A6D2FD56-67A8-40A7-90D9-D7E4BCF94F2B}.Debug|Win32.ActiveCfg = Debug|Win32
		{A6D2FD56-67A8-40A7-90D9-D7E4BCF94F2B}.Debug|Win32.Build.0 = Debug|Win32
		{A6D2FD56-67A8-40A7-90D9-D7E4BCF94F2B}.Debug|x64.ActiveCfg = Debug|x64
		{A6D2FD56-67A8-40A7-90D9-D7E4BCF94F2B}.Debug|x64.Build.0 = Debug|x64
		{A6D2FD56-67A8-40A7-90D9-D7E4BCF94F2B}.Release_Maya2008|Win32.ActiveCfg = Release_Maya2009|x64
		{A6D2FD56-67A8-40A7-90D9-D7E4BCF94F2B}.Release_Maya2008|x64.ActiveCfg = Release_Maya2009|x64
		{A6D2FD56-67A8-40A7-90D9-D7E4BCF94F2B}.Release_Maya2008|x64.Build.0 = Release_Maya2009|x64
		{A6D2FD56-67A8-40A7-90D9-D7E4BCF94F2B}.Release_Maya2009|Win32.ActiveCfg = Release_Maya2009|Win32
		{A6D2FD56-67A8-40A7-90D9-D7E4BCF94F2B}.Release_Maya2009|Win32.Build.0 = Release_Maya2009|Win32
		{A6D2FD56-67A8-40A7-90D9-D7E4BCF94F2B}.Release_Maya2009|x64.ActiveCfg = Release_Maya2009|x64
		{A6D2FD56-67A8-40A7-90D9-D7E4BCF94F2B}.Release_Maya2009|x64.Build.0 = Release_Maya2009|x64
		{A6D2FD56-67A8-40A7-90D9-D7E4BCF94F2B}.Release|Win32.ActiveCfg = Release|Win32
		{A6D2FD56-67A8-40A7-90D9-D7E4BCF94F2B}.Release|Win32.Build.0 = Release|Win32
		{A6D2FD56-67A8-40A7-90D9-D7E4BCF94F2B}.Release|x64.ActiveCfg = Release|x64
		{A6D2FD56-67A8-40A7-90D9-D7E4BCF94F2B}.Release|x64.Build.0 = Release|x64
	EndGlobalSection
	GlobalSection(SolutionProperties) = preSolution
		HideSolutionNode = FALSE
	EndGlobalSection
EndGlobal
